// !$*UTF8*$!
{
	archiveVersion = 1;
	classes = {
	};
	objectVersion = 55;
	objects = {

/* Begin PBXBuildFile section */
		C75C78F027E1E1FA001CA24D /* AppDelegate.swift in Sources */ = {isa = PBXBuildFile; fileRef = C75C78EF27E1E1FA001CA24D /* AppDelegate.swift */; };
		C75C78F227E1E1FA001CA24D /* SceneDelegate.swift in Sources */ = {isa = PBXBuildFile; fileRef = C75C78F127E1E1FA001CA24D /* SceneDelegate.swift */; };
		C75C78F427E1E1FA001CA24D /* ViewController.swift in Sources */ = {isa = PBXBuildFile; fileRef = C75C78F327E1E1FA001CA24D /* ViewController.swift */; };
		C75C78F727E1E1FA001CA24D /* Main.storyboard in Resources */ = {isa = PBXBuildFile; fileRef = C75C78F527E1E1FA001CA24D /* Main.storyboard */; };
		C75C78F927E1E1FD001CA24D /* Assets.xcassets in Resources */ = {isa = PBXBuildFile; fileRef = C75C78F827E1E1FD001CA24D /* Assets.xcassets */; };
		C75C78FC27E1E1FD001CA24D /* LaunchScreen.storyboard in Resources */ = {isa = PBXBuildFile; fileRef = C75C78FA27E1E1FD001CA24D /* LaunchScreen.storyboard */; };
		C7AD13BA27E8CD760039E779 /* ApiVideoPlayer in Frameworks */ = {isa = PBXBuildFile; productRef = C7AD13B927E8CD760039E779 /* ApiVideoPlayer */; };
/* End PBXBuildFile section */

/* Begin PBXFileReference section */
		C75C78EC27E1E1FA001CA24D /* ExampleiOS.app */ = {isa = PBXFileReference; explicitFileType = wrapper.application; includeInIndex = 0; path = ExampleiOS.app; sourceTree = BUILT_PRODUCTS_DIR; };
		C75C78EF27E1E1FA001CA24D /* AppDelegate.swift */ = {isa = PBXFileReference; lastKnownFileType = sourcecode.swift; path = AppDelegate.swift; sourceTree = "<group>"; };
		C75C78F127E1E1FA001CA24D /* SceneDelegate.swift */ = {isa = PBXFileReference; lastKnownFileType = sourcecode.swift; path = SceneDelegate.swift; sourceTree = "<group>"; };
		C75C78F327E1E1FA001CA24D /* ViewController.swift */ = {isa = PBXFileReference; lastKnownFileType = sourcecode.swift; path = ViewController.swift; sourceTree = "<group>"; };
		C75C78F627E1E1FA001CA24D /* Base */ = {isa = PBXFileReference; lastKnownFileType = file.storyboard; name = Base; path = Base.lproj/Main.storyboard; sourceTree = "<group>"; };
		C75C78F827E1E1FD001CA24D /* Assets.xcassets */ = {isa = PBXFileReference; lastKnownFileType = folder.assetcatalog; path = Assets.xcassets; sourceTree = "<group>"; };
		C75C78FB27E1E1FD001CA24D /* Base */ = {isa = PBXFileReference; lastKnownFileType = file.storyboard; name = Base; path = Base.lproj/LaunchScreen.storyboard; sourceTree = "<group>"; };
		C75C78FD27E1E1FD001CA24D /* Info.plist */ = {isa = PBXFileReference; lastKnownFileType = text.plist.xml; path = Info.plist; sourceTree = "<group>"; };
		C75C795327E1E6AC001CA24D /* Package.swift */ = {isa = PBXFileReference; lastKnownFileType = sourcecode.swift; name = Package.swift; path = ../../Package.swift; sourceTree = "<group>"; };
		C75C795427E1E6CC001CA24D /* ApiVideoPlayer */ = {isa = PBXFileReference; lastKnownFileType = wrapper; name = ApiVideoPlayer; path = ../..; sourceTree = "<group>"; };
/* End PBXFileReference section */

/* Begin PBXFrameworksBuildPhase section */
		C75C78E927E1E1FA001CA24D /* Frameworks */ = {
			isa = PBXFrameworksBuildPhase;
			buildActionMask = 2147483647;
			files = (
				C7AD13BA27E8CD760039E779 /* ApiVideoPlayer in Frameworks */,
			);
			runOnlyForDeploymentPostprocessing = 0;
		};
/* End PBXFrameworksBuildPhase section */

/* Begin PBXGroup section */
		C75C78E327E1E1FA001CA24D = {
			isa = PBXGroup;
			children = (
				C75C78EE27E1E1FA001CA24D /* ExampleiOS */,
				C75C78ED27E1E1FA001CA24D /* Products */,
				C75C795227E1E6AB001CA24D /* Frameworks */,
			);
			sourceTree = "<group>";
		};
		C75C78ED27E1E1FA001CA24D /* Products */ = {
			isa = PBXGroup;
			children = (
				C75C78EC27E1E1FA001CA24D /* ExampleiOS.app */,
			);
			name = Products;
			sourceTree = "<group>";
		};
		C75C78EE27E1E1FA001CA24D /* ExampleiOS */ = {
			isa = PBXGroup;
			children = (
				C75C78EF27E1E1FA001CA24D /* AppDelegate.swift */,
				C75C78F127E1E1FA001CA24D /* SceneDelegate.swift */,
				C75C78F327E1E1FA001CA24D /* ViewController.swift */,
				C75C78F527E1E1FA001CA24D /* Main.storyboard */,
				C75C78F827E1E1FD001CA24D /* Assets.xcassets */,
				C75C78FA27E1E1FD001CA24D /* LaunchScreen.storyboard */,
				C75C78FD27E1E1FD001CA24D /* Info.plist */,
			);
			path = ExampleiOS;
			sourceTree = "<group>";
		};
		C75C795227E1E6AB001CA24D /* Frameworks */ = {
			isa = PBXGroup;
			children = (
				C75C795427E1E6CC001CA24D /* ApiVideoPlayer */,
				C75C795327E1E6AC001CA24D /* Package.swift */,
			);
			name = Frameworks;
			sourceTree = "<group>";
		};
/* End PBXGroup section */

/* Begin PBXNativeTarget section */
		C75C78EB27E1E1FA001CA24D /* ExampleiOS */ = {
			isa = PBXNativeTarget;
			buildConfigurationList = C75C790027E1E1FD001CA24D /* Build configuration list for PBXNativeTarget "ExampleiOS" */;
			buildPhases = (
				C75C78E827E1E1FA001CA24D /* Sources */,
				C75C78E927E1E1FA001CA24D /* Frameworks */,
				C75C78EA27E1E1FA001CA24D /* Resources */,
			);
			buildRules = (
			);
			dependencies = (
			);
			name = ExampleiOS;
			packageProductDependencies = (
				C7AD13B927E8CD760039E779 /* ApiVideoPlayer */,
			);
			productName = ExampleiOS;
			productReference = C75C78EC27E1E1FA001CA24D /* ExampleiOS.app */;
			productType = "com.apple.product-type.application";
		};
/* End PBXNativeTarget section */

/* Begin PBXProject section */
		C75C78E427E1E1FA001CA24D /* Project object */ = {
			isa = PBXProject;
			attributes = {
				BuildIndependentTargetsInParallel = 1;
				LastSwiftUpdateCheck = 1330;
				LastUpgradeCheck = 1330;
				TargetAttributes = {
					C75C78EB27E1E1FA001CA24D = {
						CreatedOnToolsVersion = 13.3;
					};
				};
			};
			buildConfigurationList = C75C78E727E1E1FA001CA24D /* Build configuration list for PBXProject "ExampleiOS" */;
			compatibilityVersion = "Xcode 13.0";
			developmentRegion = en;
			hasScannedForEncodings = 0;
			knownRegions = (
				en,
				Base,
			);
			mainGroup = C75C78E327E1E1FA001CA24D;
			productRefGroup = C75C78ED27E1E1FA001CA24D /* Products */;
			projectDirPath = "";
			projectRoot = "";
			targets = (
				C75C78EB27E1E1FA001CA24D /* ExampleiOS */,
			);
		};
/* End PBXProject section */

/* Begin PBXResourcesBuildPhase section */
		C75C78EA27E1E1FA001CA24D /* Resources */ = {
			isa = PBXResourcesBuildPhase;
			buildActionMask = 2147483647;
			files = (
				C75C78FC27E1E1FD001CA24D /* LaunchScreen.storyboard in Resources */,
				C75C78F927E1E1FD001CA24D /* Assets.xcassets in Resources */,
				C75C78F727E1E1FA001CA24D /* Main.storyboard in Resources */,
			);
			runOnlyForDeploymentPostprocessing = 0;
		};
/* End PBXResourcesBuildPhase section */

/* Begin PBXSourcesBuildPhase section */
		C75C78E827E1E1FA001CA24D /* Sources */ = {
			isa = PBXSourcesBuildPhase;
			buildActionMask = 2147483647;
			files = (
				C75C78F427E1E1FA001CA24D /* ViewController.swift in Sources */,
				C75C78F027E1E1FA001CA24D /* AppDelegate.swift in Sources */,
				C75C78F227E1E1FA001CA24D /* SceneDelegate.swift in Sources */,
			);
			runOnlyForDeploymentPostprocessing = 0;
		};
/* End PBXSourcesBuildPhase section */

/* Begin PBXVariantGroup section */
		C75C78F527E1E1FA001CA24D /* Main.storyboard */ = {
			isa = PBXVariantGroup;
			children = (
				C75C78F627E1E1FA001CA24D /* Base */,
			);
			name = Main.storyboard;
			sourceTree = "<group>";
		};
		C75C78FA27E1E1FD001CA24D /* LaunchScreen.storyboard */ = {
			isa = PBXVariantGroup;
			children = (
				C75C78FB27E1E1FD001CA24D /* Base */,
			);
			name = LaunchScreen.storyboard;
			sourceTree = "<group>";
		};
/* End PBXVariantGroup section */

/* Begin XCBuildConfiguration section */
		C75C78FE27E1E1FD001CA24D /* Debug */ = {
			isa = XCBuildConfiguration;
			buildSettings = {
				ALWAYS_SEARCH_USER_PATHS = NO;
				CLANG_ANALYZER_NONNULL = YES;
				CLANG_ANALYZER_NUMBER_OBJECT_CONVERSION = YES_AGGRESSIVE;
				CLANG_CXX_LANGUAGE_STANDARD = "gnu++17";
				CLANG_ENABLE_MODULES = YES;
				CLANG_ENABLE_OBJC_ARC = YES;
				CLANG_ENABLE_OBJC_WEAK = YES;
				CLANG_WARN_BLOCK_CAPTURE_AUTORELEASING = YES;
				CLANG_WARN_BOOL_CONVERSION = YES;
				CLANG_WARN_COMMA = YES;
				CLANG_WARN_CONSTANT_CONVERSION = YES;
				CLANG_WARN_DEPRECATED_OBJC_IMPLEMENTATIONS = YES;
				CLANG_WARN_DIRECT_OBJC_ISA_USAGE = YES_ERROR;
				CLANG_WARN_DOCUMENTATION_COMMENTS = YES;
				CLANG_WARN_EMPTY_BODY = YES;
				CLANG_WARN_ENUM_CONVERSION = YES;
				CLANG_WARN_INFINITE_RECURSION = YES;
				CLANG_WARN_INT_CONVERSION = YES;
				CLANG_WARN_NON_LITERAL_NULL_CONVERSION = YES;
				CLANG_WARN_OBJC_IMPLICIT_RETAIN_SELF = YES;
				CLANG_WARN_OBJC_LITERAL_CONVERSION = YES;
				CLANG_WARN_OBJC_ROOT_CLASS = YES_ERROR;
				CLANG_WARN_QUOTED_INCLUDE_IN_FRAMEWORK_HEADER = YES;
				CLANG_WARN_RANGE_LOOP_ANALYSIS = YES;
				CLANG_WARN_STRICT_PROTOTYPES = YES;
				CLANG_WARN_SUSPICIOUS_MOVE = YES;
				CLANG_WARN_UNGUARDED_AVAILABILITY = YES_AGGRESSIVE;
				CLANG_WARN_UNREACHABLE_CODE = YES;
				CLANG_WARN__DUPLICATE_METHOD_MATCH = YES;
				COPY_PHASE_STRIP = NO;
				DEBUG_INFORMATION_FORMAT = dwarf;
				ENABLE_STRICT_OBJC_MSGSEND = YES;
				ENABLE_TESTABILITY = YES;
				GCC_C_LANGUAGE_STANDARD = gnu11;
				GCC_DYNAMIC_NO_PIC = NO;
				GCC_NO_COMMON_BLOCKS = YES;
				GCC_OPTIMIZATION_LEVEL = 0;
				GCC_PREPROCESSOR_DEFINITIONS = (
					"DEBUG=1",
					"$(inherited)",
				);
				GCC_WARN_64_TO_32_BIT_CONVERSION = YES;
				GCC_WARN_ABOUT_RETURN_TYPE = YES_ERROR;
				GCC_WARN_UNDECLARED_SELECTOR = YES;
				GCC_WARN_UNINITIALIZED_AUTOS = YES_AGGRESSIVE;
				GCC_WARN_UNUSED_FUNCTION = YES;
				GCC_WARN_UNUSED_VARIABLE = YES;
				IPHONEOS_DEPLOYMENT_TARGET = 15.4;
				MTL_ENABLE_DEBUG_INFO = INCLUDE_SOURCE;
				MTL_FAST_MATH = YES;
				ONLY_ACTIVE_ARCH = YES;
				SDKROOT = iphoneos;
				SWIFT_ACTIVE_COMPILATION_CONDITIONS = DEBUG;
				SWIFT_OPTIMIZATION_LEVEL = "-Onone";
			};
			name = Debug;
		};
		C75C78FF27E1E1FD001CA24D /* Release */ = {
			isa = XCBuildConfiguration;
			buildSettings = {
				ALWAYS_SEARCH_USER_PATHS = NO;
				CLANG_ANALYZER_NONNULL = YES;
				CLANG_ANALYZER_NUMBER_OBJECT_CONVERSION = YES_AGGRESSIVE;
				CLANG_CXX_LANGUAGE_STANDARD = "gnu++17";
				CLANG_ENABLE_MODULES = YES;
				CLANG_ENABLE_OBJC_ARC = YES;
				CLANG_ENABLE_OBJC_WEAK = YES;
				CLANG_WARN_BLOCK_CAPTURE_AUTORELEASING = YES;
				CLANG_WARN_BOOL_CONVERSION = YES;
				CLANG_WARN_COMMA = YES;
				CLANG_WARN_CONSTANT_CONVERSION = YES;
				CLANG_WARN_DEPRECATED_OBJC_IMPLEMENTATIONS = YES;
				CLANG_WARN_DIRECT_OBJC_ISA_USAGE = YES_ERROR;
				CLANG_WARN_DOCUMENTATION_COMMENTS = YES;
				CLANG_WARN_EMPTY_BODY = YES;
				CLANG_WARN_ENUM_CONVERSION = YES;
				CLANG_WARN_INFINITE_RECURSION = YES;
				CLANG_WARN_INT_CONVERSION = YES;
				CLANG_WARN_NON_LITERAL_NULL_CONVERSION = YES;
				CLANG_WARN_OBJC_IMPLICIT_RETAIN_SELF = YES;
				CLANG_WARN_OBJC_LITERAL_CONVERSION = YES;
				CLANG_WARN_OBJC_ROOT_CLASS = YES_ERROR;
				CLANG_WARN_QUOTED_INCLUDE_IN_FRAMEWORK_HEADER = YES;
				CLANG_WARN_RANGE_LOOP_ANALYSIS = YES;
				CLANG_WARN_STRICT_PROTOTYPES = YES;
				CLANG_WARN_SUSPICIOUS_MOVE = YES;
				CLANG_WARN_UNGUARDED_AVAILABILITY = YES_AGGRESSIVE;
				CLANG_WARN_UNREACHABLE_CODE = YES;
				CLANG_WARN__DUPLICATE_METHOD_MATCH = YES;
				COPY_PHASE_STRIP = NO;
				DEBUG_INFORMATION_FORMAT = "dwarf-with-dsym";
				ENABLE_NS_ASSERTIONS = NO;
				ENABLE_STRICT_OBJC_MSGSEND = YES;
				GCC_C_LANGUAGE_STANDARD = gnu11;
				GCC_NO_COMMON_BLOCKS = YES;
				GCC_WARN_64_TO_32_BIT_CONVERSION = YES;
				GCC_WARN_ABOUT_RETURN_TYPE = YES_ERROR;
				GCC_WARN_UNDECLARED_SELECTOR = YES;
				GCC_WARN_UNINITIALIZED_AUTOS = YES_AGGRESSIVE;
				GCC_WARN_UNUSED_FUNCTION = YES;
				GCC_WARN_UNUSED_VARIABLE = YES;
				IPHONEOS_DEPLOYMENT_TARGET = 15.4;
				MTL_ENABLE_DEBUG_INFO = NO;
				MTL_FAST_MATH = YES;
				SDKROOT = iphoneos;
				SWIFT_COMPILATION_MODE = wholemodule;
				SWIFT_OPTIMIZATION_LEVEL = "-O";
				VALIDATE_PRODUCT = YES;
			};
			name = Release;
		};
		C75C790127E1E1FD001CA24D /* Debug */ = {
			isa = XCBuildConfiguration;
			buildSettings = {
				ASSETCATALOG_COMPILER_APPICON_NAME = AppIcon;
				ASSETCATALOG_COMPILER_GLOBAL_ACCENT_COLOR_NAME = AccentColor;
				CODE_SIGN_STYLE = Automatic;
				CURRENT_PROJECT_VERSION = 1;
				DEVELOPMENT_TEAM = VY3VXRC7P4;
				GENERATE_INFOPLIST_FILE = YES;
				INFOPLIST_FILE = ExampleiOS/Info.plist;
				INFOPLIST_KEY_UIApplicationSupportsIndirectInputEvents = YES;
				INFOPLIST_KEY_UILaunchStoryboardName = LaunchScreen;
				INFOPLIST_KEY_UIMainStoryboardFile = Main;
				INFOPLIST_KEY_UISupportedInterfaceOrientations_iPad = "UIInterfaceOrientationPortrait UIInterfaceOrientationPortraitUpsideDown UIInterfaceOrientationLandscapeLeft UIInterfaceOrientationLandscapeRight";
				INFOPLIST_KEY_UISupportedInterfaceOrientations_iPhone = "UIInterfaceOrientationPortrait UIInterfaceOrientationLandscapeLeft UIInterfaceOrientationLandscapeRight";
				LD_RUNPATH_SEARCH_PATHS = (
					"$(inherited)",
					"@executable_path/Frameworks",
				);
				MARKETING_VERSION = 1.0;
				PRODUCT_BUNDLE_IDENTIFIER = ecosystem.demo.playerAnalytics.ExampleiOS;
				PRODUCT_NAME = "$(TARGET_NAME)";
				SWIFT_EMIT_LOC_STRINGS = YES;
				SWIFT_VERSION = 5.0;
				TARGETED_DEVICE_FAMILY = "1,2";
			};
			name = Debug;
		};
		C75C790227E1E1FD001CA24D /* Release */ = {
			isa = XCBuildConfiguration;
			buildSettings = {
				ASSETCATALOG_COMPILER_APPICON_NAME = AppIcon;
				ASSETCATALOG_COMPILER_GLOBAL_ACCENT_COLOR_NAME = AccentColor;
				CODE_SIGN_STYLE = Automatic;
				CURRENT_PROJECT_VERSION = 1;
				DEVELOPMENT_TEAM = VY3VXRC7P4;
				GENERATE_INFOPLIST_FILE = YES;
				INFOPLIST_FILE = ExampleiOS/Info.plist;
				INFOPLIST_KEY_UIApplicationSupportsIndirectInputEvents = YES;
				INFOPLIST_KEY_UILaunchStoryboardName = LaunchScreen;
				INFOPLIST_KEY_UIMainStoryboardFile = Main;
				INFOPLIST_KEY_UISupportedInterfaceOrientations_iPad = "UIInterfaceOrientationPortrait UIInterfaceOrientationPortraitUpsideDown UIInterfaceOrientationLandscapeLeft UIInterfaceOrientationLandscapeRight";
				INFOPLIST_KEY_UISupportedInterfaceOrientations_iPhone = "UIInterfaceOrientationPortrait UIInterfaceOrientationLandscapeLeft UIInterfaceOrientationLandscapeRight";
				LD_RUNPATH_SEARCH_PATHS = (
					"$(inherited)",
					"@executable_path/Frameworks",
				);
				MARKETING_VERSION = 1.0;
				PRODUCT_BUNDLE_IDENTIFIER = ecosystem.demo.playerAnalytics.ExampleiOS;
				PRODUCT_NAME = "$(TARGET_NAME)";
				SWIFT_EMIT_LOC_STRINGS = YES;
				SWIFT_VERSION = 5.0;
				TARGETED_DEVICE_FAMILY = "1,2";
			};
			name = Release;
		};
/* End XCBuildConfiguration section */

/* Begin XCConfigurationList section */
		C75C78E727E1E1FA001CA24D /* Build configuration list for PBXProject "ExampleiOS" */ = {
			isa = XCConfigurationList;
			buildConfigurations = (
				C75C78FE27E1E1FD001CA24D /* Debug */,
				C75C78FF27E1E1FD001CA24D /* Release */,
			);
			defaultConfigurationIsVisible = 0;
			defaultConfigurationName = Release;
		};
		C75C790027E1E1FD001CA24D /* Build configuration list for PBXNativeTarget "ExampleiOS" */ = {
			isa = XCConfigurationList;
			buildConfigurations = (
				C75C790127E1E1FD001CA24D /* Debug */,
				C75C790227E1E1FD001CA24D /* Release */,
			);
			defaultConfigurationIsVisible = 0;
			defaultConfigurationName = Release;
		};
/* End XCConfigurationList section */

/* Begin XCSwiftPackageProductDependency section */
		C7AD13B927E8CD760039E779 /* ApiVideoPlayer */ = {
			isa = XCSwiftPackageProductDependency;
			productName = ApiVideoPlayer;
		};
/* End XCSwiftPackageProductDependency section */
	};
	rootObject = C75C78E427E1E1FA001CA24D /* Project object */;
}
