{
  "pins" : [
    {
      "identity" : "api.video-ios-player-analytics",
      "kind" : "remoteSourceControl",
      "location" : "https://github.com/apivideo/api.video-ios-player-analytics.git",
      "state" : {
        "revision" : "1a90d69d73fd2c2e7c2067dfb567befef1ab971c",
        "version" : "1.0.2"
      }
    }
  ],
  "version" : 2
}
