{
  "pins" : [
    {
      "identity" : "api.video-ios-player-analytics",
      "kind" : "remoteSourceControl",
      "location" : "https://github.com/apivideo/api.video-ios-player-analytics",
      "state" : {
        "revision" : "c34d58405161c8055ee14b33af7a06ff4e55d00a",
        "version" : "1.0.4"
      }
    }
  ],
  "version" : 2
}
