{
  "pins" : [
    {
      "identity" : "api.video-ios-player-analytics",
      "kind" : "remoteSourceControl",
      "location" : "https://github.com/apivideo/api.video-ios-player-analytics",
      "state" : {
        "revision" : "5876d55e97356945147d58ad8e1eae901ce953a1",
        "version" : "1.0.1"
      }
    }
  ],
  "version" : 2
}
