// !$*UTF8*$!
{
	archiveVersion = 1;
	classes = {
	};
	objectVersion = 55;
	objects = {

/* Begin PBXBuildFile section */
		C75C794527E1E2AB001CA24D /* ExampleTvOSApp.swift in Sources */ = {isa = PBXBuildFile; fileRef = C75C794427E1E2AB001CA24D /* ExampleTvOSApp.swift */; };
		C75C794727E1E2AB001CA24D /* ContentView.swift in Sources */ = {isa = PBXBuildFile; fileRef = C75C794627E1E2AB001CA24D /* ContentView.swift */; };
		C75C794927E1E2AD001CA24D /* Assets.xcassets in Resources */ = {isa = PBXBuildFile; fileRef = C75C794827E1E2AD001CA24D /* Assets.xcassets */; };
		C75C794C27E1E2AD001CA24D /* Preview Assets.xcassets in Resources */ = {isa = PBXBuildFile; fileRef = C75C794B27E1E2AD001CA24D /* Preview Assets.xcassets */; };
		C7D3E68427E9E42A006A8462 /* ApiVideoPlayer in Frameworks */ = {isa = PBXBuildFile; productRef = C7D3E68327E9E42A006A8462 /* ApiVideoPlayer */; };
/* End PBXBuildFile section */

/* Begin PBXFileReference section */
		C75C794127E1E2AB001CA24D /* ExampleTvOS.app */ = {isa = PBXFileReference; explicitFileType = wrapper.application; includeInIndex = 0; path = ExampleTvOS.app; sourceTree = BUILT_PRODUCTS_DIR; };
		C75C794427E1E2AB001CA24D /* ExampleTvOSApp.swift */ = {isa = PBXFileReference; lastKnownFileType = sourcecode.swift; path = ExampleTvOSApp.swift; sourceTree = "<group>"; };
		C75C794627E1E2AB001CA24D /* ContentView.swift */ = {isa = PBXFileReference; lastKnownFileType = sourcecode.swift; path = ContentView.swift; sourceTree = "<group>"; };
		C75C794827E1E2AD001CA24D /* Assets.xcassets */ = {isa = PBXFileReference; lastKnownFileType = folder.assetcatalog; path = Assets.xcassets; sourceTree = "<group>"; };
		C75C794B27E1E2AD001CA24D /* Preview Assets.xcassets */ = {isa = PBXFileReference; lastKnownFileType = folder.assetcatalog; path = "Preview Assets.xcassets"; sourceTree = "<group>"; };
		C75C796027E1E774001CA24D /* ApiVideoPlayer */ = {isa = PBXFileReference; lastKnownFileType = wrapper; name = ApiVideoPlayer; path = ../..; sourceTree = "<group>"; };
/* End PBXFileReference section */

/* Begin PBXFrameworksBuildPhase section */
		C75C793E27E1E2AB001CA24D /* Frameworks */ = {
			isa = PBXFrameworksBuildPhase;
			buildActionMask = 2147483647;
			files = (
				C7D3E68427E9E42A006A8462 /* ApiVideoPlayer in Frameworks */,
			);
			runOnlyForDeploymentPostprocessing = 0;
		};
/* End PBXFrameworksBuildPhase section */

/* Begin PBXGroup section */
		C75C793827E1E2AB001CA24D = {
			isa = PBXGroup;
			children = (
				C75C794327E1E2AB001CA24D /* ExampleTvOS */,
				C75C794227E1E2AB001CA24D /* Products */,
				C75C795F27E1E774001CA24D /* Frameworks */,
			);
			sourceTree = "<group>";
		};
		C75C794227E1E2AB001CA24D /* Products */ = {
			isa = PBXGroup;
			children = (
				C75C794127E1E2AB001CA24D /* ExampleTvOS.app */,
			);
			name = Products;
			sourceTree = "<group>";
		};
		C75C794327E1E2AB001CA24D /* ExampleTvOS */ = {
			isa = PBXGroup;
			children = (
				C75C794427E1E2AB001CA24D /* ExampleTvOSApp.swift */,
				C75C794627E1E2AB001CA24D /* ContentView.swift */,
				C75C794827E1E2AD001CA24D /* Assets.xcassets */,
				C75C794A27E1E2AD001CA24D /* Preview Content */,
			);
			path = ExampleTvOS;
			sourceTree = "<group>";
		};
		C75C794A27E1E2AD001CA24D /* Preview Content */ = {
			isa = PBXGroup;
			children = (
				C75C794B27E1E2AD001CA24D /* Preview Assets.xcassets */,
			);
			path = "Preview Content";
			sourceTree = "<group>";
		};
		C75C795F27E1E774001CA24D /* Frameworks */ = {
			isa = PBXGroup;
			children = (
				C75C796027E1E774001CA24D /* ApiVideoPlayer */,
			);
			name = Frameworks;
			sourceTree = "<group>";
		};
/* End PBXGroup section */

/* Begin PBXNativeTarget section */
		C75C794027E1E2AB001CA24D /* ExampleTvOS */ = {
			isa = PBXNativeTarget;
			buildConfigurationList = C75C794F27E1E2AD001CA24D /* Build configuration list for PBXNativeTarget "ExampleTvOS" */;
			buildPhases = (
				C75C793D27E1E2AB001CA24D /* Sources */,
				C75C793E27E1E2AB001CA24D /* Frameworks */,
				C75C793F27E1E2AB001CA24D /* Resources */,
			);
			buildRules = (
			);
			dependencies = (
			);
			name = ExampleTvOS;
			packageProductDependencies = (
				C7D3E68327E9E42A006A8462 /* ApiVideoPlayer */,
			);
			productName = ExampleTvOS;
			productReference = C75C794127E1E2AB001CA24D /* ExampleTvOS.app */;
			productType = "com.apple.product-type.application";
		};
/* End PBXNativeTarget section */

/* Begin PBXProject section */
		C75C793927E1E2AB001CA24D /* Project object */ = {
			isa = PBXProject;
			attributes = {
				BuildIndependentTargetsInParallel = 1;
				LastSwiftUpdateCheck = 1330;
				LastUpgradeCheck = 1330;
				TargetAttributes = {
					C75C794027E1E2AB001CA24D = {
						CreatedOnToolsVersion = 13.3;
					};
				};
			};
			buildConfigurationList = C75C793C27E1E2AB001CA24D /* Build configuration list for PBXProject "ExampleTvOS" */;
			compatibilityVersion = "Xcode 13.0";
			developmentRegion = en;
			hasScannedForEncodings = 0;
			knownRegions = (
				en,
				Base,
			);
			mainGroup = C75C793827E1E2AB001CA24D;
			productRefGroup = C75C794227E1E2AB001CA24D /* Products */;
			projectDirPath = "";
			projectRoot = "";
			targets = (
				C75C794027E1E2AB001CA24D /* ExampleTvOS */,
			);
		};
/* End PBXProject section */

/* Begin PBXResourcesBuildPhase section */
		C75C793F27E1E2AB001CA24D /* Resources */ = {
			isa = PBXResourcesBuildPhase;
			buildActionMask = 2147483647;
			files = (
				C75C794C27E1E2AD001CA24D /* Preview Assets.xcassets in Resources */,
				C75C794927E1E2AD001CA24D /* Assets.xcassets in Resources */,
			);
			runOnlyForDeploymentPostprocessing = 0;
		};
/* End PBXResourcesBuildPhase section */

/* Begin PBXSourcesBuildPhase section */
		C75C793D27E1E2AB001CA24D /* Sources */ = {
			isa = PBXSourcesBuildPhase;
			buildActionMask = 2147483647;
			files = (
				C75C794727E1E2AB001CA24D /* ContentView.swift in Sources */,
				C75C794527E1E2AB001CA24D /* ExampleTvOSApp.swift in Sources */,
			);
			runOnlyForDeploymentPostprocessing = 0;
		};
/* End PBXSourcesBuildPhase section */

/* Begin XCBuildConfiguration section */
		C75C794D27E1E2AD001CA24D /* Debug */ = {
			isa = XCBuildConfiguration;
			buildSettings = {
				ALWAYS_SEARCH_USER_PATHS = NO;
				CLANG_ANALYZER_NONNULL = YES;
				CLANG_ANALYZER_NUMBER_OBJECT_CONVERSION = YES_AGGRESSIVE;
				CLANG_CXX_LANGUAGE_STANDARD = "gnu++17";
				CLANG_ENABLE_MODULES = YES;
				CLANG_ENABLE_OBJC_ARC = YES;
				CLANG_ENABLE_OBJC_WEAK = YES;
				CLANG_WARN_BLOCK_CAPTURE_AUTORELEASING = YES;
				CLANG_WARN_BOOL_CONVERSION = YES;
				CLANG_WARN_COMMA = YES;
				CLANG_WARN_CONSTANT_CONVERSION = YES;
				CLANG_WARN_DEPRECATED_OBJC_IMPLEMENTATIONS = YES;
				CLANG_WARN_DIRECT_OBJC_ISA_USAGE = YES_ERROR;
				CLANG_WARN_DOCUMENTATION_COMMENTS = YES;
				CLANG_WARN_EMPTY_BODY = YES;
				CLANG_WARN_ENUM_CONVERSION = YES;
				CLANG_WARN_INFINITE_RECURSION = YES;
				CLANG_WARN_INT_CONVERSION = YES;
				CLANG_WARN_NON_LITERAL_NULL_CONVERSION = YES;
				CLANG_WARN_OBJC_IMPLICIT_RETAIN_SELF = YES;
				CLANG_WARN_OBJC_LITERAL_CONVERSION = YES;
				CLANG_WARN_OBJC_ROOT_CLASS = YES_ERROR;
				CLANG_WARN_QUOTED_INCLUDE_IN_FRAMEWORK_HEADER = YES;
				CLANG_WARN_RANGE_LOOP_ANALYSIS = YES;
				CLANG_WARN_STRICT_PROTOTYPES = YES;
				CLANG_WARN_SUSPICIOUS_MOVE = YES;
				CLANG_WARN_UNGUARDED_AVAILABILITY = YES_AGGRESSIVE;
				CLANG_WARN_UNREACHABLE_CODE = YES;
				CLANG_WARN__DUPLICATE_METHOD_MATCH = YES;
				COPY_PHASE_STRIP = NO;
				DEBUG_INFORMATION_FORMAT = dwarf;
				ENABLE_STRICT_OBJC_MSGSEND = YES;
				ENABLE_TESTABILITY = YES;
				GCC_C_LANGUAGE_STANDARD = gnu11;
				GCC_DYNAMIC_NO_PIC = NO;
				GCC_NO_COMMON_BLOCKS = YES;
				GCC_OPTIMIZATION_LEVEL = 0;
				GCC_PREPROCESSOR_DEFINITIONS = (
					"DEBUG=1",
					"$(inherited)",
				);
				GCC_WARN_64_TO_32_BIT_CONVERSION = YES;
				GCC_WARN_ABOUT_RETURN_TYPE = YES_ERROR;
				GCC_WARN_UNDECLARED_SELECTOR = YES;
				GCC_WARN_UNINITIALIZED_AUTOS = YES_AGGRESSIVE;
				GCC_WARN_UNUSED_FUNCTION = YES;
				GCC_WARN_UNUSED_VARIABLE = YES;
				MTL_ENABLE_DEBUG_INFO = INCLUDE_SOURCE;
				MTL_FAST_MATH = YES;
				ONLY_ACTIVE_ARCH = YES;
				SDKROOT = appletvos;
				SWIFT_ACTIVE_COMPILATION_CONDITIONS = DEBUG;
				SWIFT_OPTIMIZATION_LEVEL = "-Onone";
				TVOS_DEPLOYMENT_TARGET = 15.4;
			};
			name = Debug;
		};
		C75C794E27E1E2AD001CA24D /* Release */ = {
			isa = XCBuildConfiguration;
			buildSettings = {
				ALWAYS_SEARCH_USER_PATHS = NO;
				CLANG_ANALYZER_NONNULL = YES;
				CLANG_ANALYZER_NUMBER_OBJECT_CONVERSION = YES_AGGRESSIVE;
				CLANG_CXX_LANGUAGE_STANDARD = "gnu++17";
				CLANG_ENABLE_MODULES = YES;
				CLANG_ENABLE_OBJC_ARC = YES;
				CLANG_ENABLE_OBJC_WEAK = YES;
				CLANG_WARN_BLOCK_CAPTURE_AUTORELEASING = YES;
				CLANG_WARN_BOOL_CONVERSION = YES;
				CLANG_WARN_COMMA = YES;
				CLANG_WARN_CONSTANT_CONVERSION = YES;
				CLANG_WARN_DEPRECATED_OBJC_IMPLEMENTATIONS = YES;
				CLANG_WARN_DIRECT_OBJC_ISA_USAGE = YES_ERROR;
				CLANG_WARN_DOCUMENTATION_COMMENTS = YES;
				CLANG_WARN_EMPTY_BODY = YES;
				CLANG_WARN_ENUM_CONVERSION = YES;
				CLANG_WARN_INFINITE_RECURSION = YES;
				CLANG_WARN_INT_CONVERSION = YES;
				CLANG_WARN_NON_LITERAL_NULL_CONVERSION = YES;
				CLANG_WARN_OBJC_IMPLICIT_RETAIN_SELF = YES;
				CLANG_WARN_OBJC_LITERAL_CONVERSION = YES;
				CLANG_WARN_OBJC_ROOT_CLASS = YES_ERROR;
				CLANG_WARN_QUOTED_INCLUDE_IN_FRAMEWORK_HEADER = YES;
				CLANG_WARN_RANGE_LOOP_ANALYSIS = YES;
				CLANG_WARN_STRICT_PROTOTYPES = YES;
				CLANG_WARN_SUSPICIOUS_MOVE = YES;
				CLANG_WARN_UNGUARDED_AVAILABILITY = YES_AGGRESSIVE;
				CLANG_WARN_UNREACHABLE_CODE = YES;
				CLANG_WARN__DUPLICATE_METHOD_MATCH = YES;
				COPY_PHASE_STRIP = NO;
				DEBUG_INFORMATION_FORMAT = "dwarf-with-dsym";
				ENABLE_NS_ASSERTIONS = NO;
				ENABLE_STRICT_OBJC_MSGSEND = YES;
				GCC_C_LANGUAGE_STANDARD = gnu11;
				GCC_NO_COMMON_BLOCKS = YES;
				GCC_WARN_64_TO_32_BIT_CONVERSION = YES;
				GCC_WARN_ABOUT_RETURN_TYPE = YES_ERROR;
				GCC_WARN_UNDECLARED_SELECTOR = YES;
				GCC_WARN_UNINITIALIZED_AUTOS = YES_AGGRESSIVE;
				GCC_WARN_UNUSED_FUNCTION = YES;
				GCC_WARN_UNUSED_VARIABLE = YES;
				MTL_ENABLE_DEBUG_INFO = NO;
				MTL_FAST_MATH = YES;
				SDKROOT = appletvos;
				SWIFT_COMPILATION_MODE = wholemodule;
				SWIFT_OPTIMIZATION_LEVEL = "-O";
				TVOS_DEPLOYMENT_TARGET = 15.4;
				VALIDATE_PRODUCT = YES;
			};
			name = Release;
		};
		C75C795027E1E2AD001CA24D /* Debug */ = {
			isa = XCBuildConfiguration;
			buildSettings = {
				ASSETCATALOG_COMPILER_APPICON_NAME = "App Icon & Top Shelf Image";
				ASSETCATALOG_COMPILER_GLOBAL_ACCENT_COLOR_NAME = AccentColor;
				CODE_SIGN_STYLE = Automatic;
				CURRENT_PROJECT_VERSION = 1;
				DEVELOPMENT_ASSET_PATHS = "\"ExampleTvOS/Preview Content\"";
				DEVELOPMENT_TEAM = VY3VXRC7P4;
				ENABLE_PREVIEWS = YES;
				GENERATE_INFOPLIST_FILE = YES;
				INFOPLIST_KEY_UILaunchScreen_Generation = YES;
				INFOPLIST_KEY_UIUserInterfaceStyle = Automatic;
				LD_RUNPATH_SEARCH_PATHS = (
					"$(inherited)",
					"@executable_path/Frameworks",
				);
				MARKETING_VERSION = 1.0;
				PRODUCT_BUNDLE_IDENTIFIER = ecosystem.demo.playerAnalytics.ExampleTvOS;
				PRODUCT_NAME = "$(TARGET_NAME)";
				SWIFT_EMIT_LOC_STRINGS = YES;
				SWIFT_VERSION = 5.0;
				TARGETED_DEVICE_FAMILY = 3;
				TVOS_DEPLOYMENT_TARGET = 14.0;
			};
			name = Debug;
		};
		C75C795127E1E2AD001CA24D /* Release */ = {
			isa = XCBuildConfiguration;
			buildSettings = {
				ASSETCATALOG_COMPILER_APPICON_NAME = "App Icon & Top Shelf Image";
				ASSETCATALOG_COMPILER_GLOBAL_ACCENT_COLOR_NAME = AccentColor;
				CODE_SIGN_STYLE = Automatic;
				CURRENT_PROJECT_VERSION = 1;
				DEVELOPMENT_ASSET_PATHS = "\"ExampleTvOS/Preview Content\"";
				DEVELOPMENT_TEAM = VY3VXRC7P4;
				ENABLE_PREVIEWS = YES;
				GENERATE_INFOPLIST_FILE = YES;
				INFOPLIST_KEY_UILaunchScreen_Generation = YES;
				INFOPLIST_KEY_UIUserInterfaceStyle = Automatic;
				LD_RUNPATH_SEARCH_PATHS = (
					"$(inherited)",
					"@executable_path/Frameworks",
				);
				MARKETING_VERSION = 1.0;
				PRODUCT_BUNDLE_IDENTIFIER = ecosystem.demo.playerAnalytics.ExampleTvOS;
				PRODUCT_NAME = "$(TARGET_NAME)";
				SWIFT_EMIT_LOC_STRINGS = YES;
				SWIFT_VERSION = 5.0;
				TARGETED_DEVICE_FAMILY = 3;
				TVOS_DEPLOYMENT_TARGET = 14.0;
			};
			name = Release;
		};
/* End XCBuildConfiguration section */

/* Begin XCConfigurationList section */
		C75C793C27E1E2AB001CA24D /* Build configuration list for PBXProject "ExampleTvOS" */ = {
			isa = XCConfigurationList;
			buildConfigurations = (
				C75C794D27E1E2AD001CA24D /* Debug */,
				C75C794E27E1E2AD001CA24D /* Release */,
			);
			defaultConfigurationIsVisible = 0;
			defaultConfigurationName = Release;
		};
		C75C794F27E1E2AD001CA24D /* Build configuration list for PBXNativeTarget "ExampleTvOS" */ = {
			isa = XCConfigurationList;
			buildConfigurations = (
				C75C795027E1E2AD001CA24D /* Debug */,
				C75C795127E1E2AD001CA24D /* Release */,
			);
			defaultConfigurationIsVisible = 0;
			defaultConfigurationName = Release;
		};
/* End XCConfigurationList section */

/* Begin XCSwiftPackageProductDependency section */
		C7D3E68327E9E42A006A8462 /* ApiVideoPlayer */ = {
			isa = XCSwiftPackageProductDependency;
			productName = ApiVideoPlayer;
		};
/* End XCSwiftPackageProductDependency section */
	};
	rootObject = C75C793927E1E2AB001CA24D /* Project object */;
}
